
Microsoft Visual Studio Solution File, Format Version 12.00
# Visual Studio Version 16
VisualStudioVersion = 16.0.31205.134
MinimumVisualStudioVersion = 10.0.40219.1
Project("{FAE04EC0-301F-11D3-BF4B-00C04F79EFBC}") = "UDPEchoServer", "UDPEchoServer\UDPEchoServer.csproj", "{56A6322D-DAE3-4313-AA40-A2590CF2BECE}"
EndProject
Project("{FAE04EC0-301F-11D3-BF4B-00C04F79EFBC}") = "UDPNumberReceiver", "UDPNumberReceiver\UDPNumberReceiver.csproj", "{27566940-A98C-4177-93CB-73E07B29BAC4}"
EndProject
Project("{FAE04EC0-301F-11D3-BF4B-00C04F79EFBC}") = "UDPBroadFanOutServer", "UDPBroadFanOutServer\UDPBroadFanOutServer.csproj", "{7E974010-505C-4CE9-BE4B-3DB94DBB3C71}"
EndProject
Global
	GlobalSection(SolutionConfigurationPlatforms) = preSolution
		Debug|Any CPU = Debug|Any CPU
		Release|Any CPU = Release|Any CPU
	EndGlobalSection
	GlobalSection(ProjectConfigurationPlatforms) = postSolution
		{56A6322D-DAE3-4313-AA40-A2590CF2BECE}.Debug|Any CPU.ActiveCfg = Debug|Any CPU
		{56A6322D-DAE3-4313-AA40-A2590CF2BECE}.Debug|Any CPU.Build.0 = Debug|Any CPU
		{56A6322D-DAE3-4313-AA40-A2590CF2BECE}.Release|Any CPU.ActiveCfg = Release|Any CPU
		{56A6322D-DAE3-4313-AA40-A2590CF2BECE}.Release|Any CPU.Build.0 = Release|Any CPU
		{27566940-A98C-4177-93CB-73E07B29BAC4}.Debug|Any CPU.ActiveCfg = Debug|Any CPU
		{27566940-A98C-4177-93CB-73E07B29BAC4}.Debug|Any CPU.Build.0 = Debug|Any CPU
		{27566940-A98C-4177-93CB-73E07B29BAC4}.Release|Any CPU.ActiveCfg = Release|Any CPU
		{27566940-A98C-4177-93CB-73E07B29BAC4}.Release|Any CPU.Build.0 = Release|Any CPU
		{7E974010-505C-4CE9-BE4B-3DB94DBB3C71}.Debug|Any CPU.ActiveCfg = Debug|Any CPU
		{7E974010-505C-4CE9-BE4B-3DB94DBB3C71}.Debug|Any CPU.Build.0 = Debug|Any CPU
		{7E974010-505C-4CE9-BE4B-3DB94DBB3C71}.Release|Any CPU.ActiveCfg = Release|Any CPU
		{7E974010-505C-4CE9-BE4B-3DB94DBB3C71}.Release|Any CPU.Build.0 = Release|Any CPU
	EndGlobalSection
	GlobalSection(SolutionProperties) = preSolution
		HideSolutionNode = FALSE
	EndGlobalSection
	GlobalSection(ExtensibilityGlobals) = postSolution
		SolutionGuid = {AA435B34-B6BA-4503-9E3C-F5A41BBFA4D9}
	EndGlobalSection
EndGlobal
